
Microsoft Visual Studio Solution File, Format Version 12.00
# Visual Studio Version 16
VisualStudioVersion = 16.0.30011.22
MinimumVisualStudioVersion = 10.0.40219.1
Project("{FAE04EC0-301F-11D3-BF4B-00C04F79EFBC}") = "SettingsManager", "SettingsManager\SettingsManager.csproj", "{BAED29BB-CC4C-448B-90E4-9FD15480272C}"
EndProject
Global
	GlobalSection(SolutionConfigurationPlatforms) = preSolution
		Debug|Any CPU = Debug|Any CPU
		Release|Any CPU = Release|Any CPU
	EndGlobalSection
	GlobalSection(ProjectConfigurationPlatforms) = postSolution
		{BAED29BB-CC4C-448B-90E4-9FD15480272C}.Debug|Any CPU.ActiveCfg = Debug|Any CPU
		{BAED29BB-CC4C-448B-90E4-9FD15480272C}.Debug|Any CPU.Build.0 = Debug|Any CPU
		{BAED29BB-CC4C-448B-90E4-9FD15480272C}.Release|Any CPU.ActiveCfg = Release|Any CPU
		{BAED29BB-CC4C-448B-90E4-9FD15480272C}.Release|Any CPU.Build.0 = Release|Any CPU
	EndGlobalSection
	GlobalSection(SolutionProperties) = preSolution
		HideSolutionNode = FALSE
	EndGlobalSection
	GlobalSection(ExtensibilityGlobals) = postSolution
		SolutionGuid = {590F8A2E-10D2-4926-B66A-5D47224AC661}
	EndGlobalSection
EndGlobal
